
Microsoft Visual Studio Solution File, Format Version 12.00
# Visual Studio Version 17
VisualStudioVersion = 17.0.32112.339
MinimumVisualStudioVersion = 10.0.40219.1
Project("{FAE04EC0-301F-11D3-BF4B-00C04F79EFBC}") = "H1 Mozart", "H1 Mozart\H1 Mozart.csproj", "{3BA28228-40BE-4E79-9D77-BA68BBC53A2F}"
EndProject
Project("{2150E333-8FDC-42A3-9474-1A3956D46DE8}") = "Wave", "Wave", "{4B55FF9D-6396-4060-A46D-85214B1ED0A6}"
	ProjectSection(SolutionItems) = preProject
		..\..\..\Users\nj\Downloads\Wave\M1.wav = ..\..\..\Users\nj\Downloads\Wave\M1.wav
		..\..\..\Users\nj\Downloads\Wave\M10.wav = ..\..\..\Users\nj\Downloads\Wave\M10.wav
		..\..\..\Users\nj\Downloads\Wave\M100.wav = ..\..\..\Users\nj\Downloads\Wave\M100.wav
		..\..\..\Users\nj\Downloads\Wave\M101.wav = ..\..\..\Users\nj\Downloads\Wave\M101.wav
		..\..\..\Users\nj\Downloads\Wave\M102.wav = ..\..\..\Users\nj\Downloads\Wave\M102.wav
		..\..\..\Users\nj\Downloads\Wave\M103.wav = ..\..\..\Users\nj\Downloads\Wave\M103.wav
		..\..\..\Users\nj\Downloads\Wave\M104.wav = ..\..\..\Users\nj\Downloads\Wave\M104.wav
		..\..\..\Users\nj\Downloads\Wave\M105.wav = ..\..\..\Users\nj\Downloads\Wave\M105.wav
		..\..\..\Users\nj\Downloads\Wave\M106.wav = ..\..\..\Users\nj\Downloads\Wave\M106.wav
		..\..\..\Users\nj\Downloads\Wave\M107.wav = ..\..\..\Users\nj\Downloads\Wave\M107.wav
		..\..\..\Users\nj\Downloads\Wave\M108.wav = ..\..\..\Users\nj\Downloads\Wave\M108.wav
		..\..\..\Users\nj\Downloads\Wave\M109.wav = ..\..\..\Users\nj\Downloads\Wave\M109.wav
		..\..\..\Users\nj\Downloads\Wave\M11.wav = ..\..\..\Users\nj\Downloads\Wave\M11.wav
		..\..\..\Users\nj\Downloads\Wave\M110.wav = ..\..\..\Users\nj\Downloads\Wave\M110.wav
		..\..\..\Users\nj\Downloads\Wave\M111.wav = ..\..\..\Users\nj\Downloads\Wave\M111.wav
		..\..\..\Users\nj\Downloads\Wave\M112.wav = ..\..\..\Users\nj\Downloads\Wave\M112.wav
		..\..\..\Users\nj\Downloads\Wave\M113.wav = ..\..\..\Users\nj\Downloads\Wave\M113.wav
		..\..\..\Users\nj\Downloads\Wave\M114.wav = ..\..\..\Users\nj\Downloads\Wave\M114.wav
		..\..\..\Users\nj\Downloads\Wave\M115.wav = ..\..\..\Users\nj\Downloads\Wave\M115.wav
		..\..\..\Users\nj\Downloads\Wave\M116.wav = ..\..\..\Users\nj\Downloads\Wave\M116.wav
		..\..\..\Users\nj\Downloads\Wave\M117.wav = ..\..\..\Users\nj\Downloads\Wave\M117.wav
		..\..\..\Users\nj\Downloads\Wave\M118.wav = ..\..\..\Users\nj\Downloads\Wave\M118.wav
		..\..\..\Users\nj\Downloads\Wave\M119.wav = ..\..\..\Users\nj\Downloads\Wave\M119.wav
		..\..\..\Users\nj\Downloads\Wave\M12.wav = ..\..\..\Users\nj\Downloads\Wave\M12.wav
		..\..\..\Users\nj\Downloads\Wave\M120.wav = ..\..\..\Users\nj\Downloads\Wave\M120.wav
		..\..\..\Users\nj\Downloads\Wave\M121.wav = ..\..\..\Users\nj\Downloads\Wave\M121.wav
		..\..\..\Users\nj\Downloads\Wave\M122.wav = ..\..\..\Users\nj\Downloads\Wave\M122.wav
		..\..\..\Users\nj\Downloads\Wave\M123.wav = ..\..\..\Users\nj\Downloads\Wave\M123.wav
		..\..\..\Users\nj\Downloads\Wave\M124.wav = ..\..\..\Users\nj\Downloads\Wave\M124.wav
		..\..\..\Users\nj\Downloads\Wave\M125.wav = ..\..\..\Users\nj\Downloads\Wave\M125.wav
		..\..\..\Users\nj\Downloads\Wave\M126.wav = ..\..\..\Users\nj\Downloads\Wave\M126.wav
		..\..\..\Users\nj\Downloads\Wave\M127.wav = ..\..\..\Users\nj\Downloads\Wave\M127.wav
		..\..\..\Users\nj\Downloads\Wave\M128.wav = ..\..\..\Users\nj\Downloads\Wave\M128.wav
		..\..\..\Users\nj\Downloads\Wave\M129.wav = ..\..\..\Users\nj\Downloads\Wave\M129.wav
		..\..\..\Users\nj\Downloads\Wave\M13.wav = ..\..\..\Users\nj\Downloads\Wave\M13.wav
		..\..\..\Users\nj\Downloads\Wave\M130.wav = ..\..\..\Users\nj\Downloads\Wave\M130.wav
		..\..\..\Users\nj\Downloads\Wave\M131.wav = ..\..\..\Users\nj\Downloads\Wave\M131.wav
		..\..\..\Users\nj\Downloads\Wave\M132.wav = ..\..\..\Users\nj\Downloads\Wave\M132.wav
		..\..\..\Users\nj\Downloads\Wave\M133.wav = ..\..\..\Users\nj\Downloads\Wave\M133.wav
		..\..\..\Users\nj\Downloads\Wave\M134.wav = ..\..\..\Users\nj\Downloads\Wave\M134.wav
		..\..\..\Users\nj\Downloads\Wave\M135.wav = ..\..\..\Users\nj\Downloads\Wave\M135.wav
		..\..\..\Users\nj\Downloads\Wave\M136.wav = ..\..\..\Users\nj\Downloads\Wave\M136.wav
		..\..\..\Users\nj\Downloads\Wave\M137.wav = ..\..\..\Users\nj\Downloads\Wave\M137.wav
		..\..\..\Users\nj\Downloads\Wave\M138.wav = ..\..\..\Users\nj\Downloads\Wave\M138.wav
		..\..\..\Users\nj\Downloads\Wave\M139.wav = ..\..\..\Users\nj\Downloads\Wave\M139.wav
		..\..\..\Users\nj\Downloads\Wave\M14.wav = ..\..\..\Users\nj\Downloads\Wave\M14.wav
		..\..\..\Users\nj\Downloads\Wave\M140.wav = ..\..\..\Users\nj\Downloads\Wave\M140.wav
		..\..\..\Users\nj\Downloads\Wave\M141.wav = ..\..\..\Users\nj\Downloads\Wave\M141.wav
		..\..\..\Users\nj\Downloads\Wave\M142.wav = ..\..\..\Users\nj\Downloads\Wave\M142.wav
		..\..\..\Users\nj\Downloads\Wave\M143.wav = ..\..\..\Users\nj\Downloads\Wave\M143.wav
		..\..\..\Users\nj\Downloads\Wave\M144.wav = ..\..\..\Users\nj\Downloads\Wave\M144.wav
		..\..\..\Users\nj\Downloads\Wave\M145.wav = ..\..\..\Users\nj\Downloads\Wave\M145.wav
		..\..\..\Users\nj\Downloads\Wave\M146.wav = ..\..\..\Users\nj\Downloads\Wave\M146.wav
		..\..\..\Users\nj\Downloads\Wave\M147.wav = ..\..\..\Users\nj\Downloads\Wave\M147.wav
		..\..\..\Users\nj\Downloads\Wave\M148.wav = ..\..\..\Users\nj\Downloads\Wave\M148.wav
		..\..\..\Users\nj\Downloads\Wave\M149.wav = ..\..\..\Users\nj\Downloads\Wave\M149.wav
		..\..\..\Users\nj\Downloads\Wave\M15.wav = ..\..\..\Users\nj\Downloads\Wave\M15.wav
		..\..\..\Users\nj\Downloads\Wave\M150.wav = ..\..\..\Users\nj\Downloads\Wave\M150.wav
		..\..\..\Users\nj\Downloads\Wave\M151.wav = ..\..\..\Users\nj\Downloads\Wave\M151.wav
		..\..\..\Users\nj\Downloads\Wave\M152.wav = ..\..\..\Users\nj\Downloads\Wave\M152.wav
		..\..\..\Users\nj\Downloads\Wave\M153.wav = ..\..\..\Users\nj\Downloads\Wave\M153.wav
		..\..\..\Users\nj\Downloads\Wave\M154.wav = ..\..\..\Users\nj\Downloads\Wave\M154.wav
		..\..\..\Users\nj\Downloads\Wave\M155.wav = ..\..\..\Users\nj\Downloads\Wave\M155.wav
		..\..\..\Users\nj\Downloads\Wave\M156.wav = ..\..\..\Users\nj\Downloads\Wave\M156.wav
		..\..\..\Users\nj\Downloads\Wave\M157.wav = ..\..\..\Users\nj\Downloads\Wave\M157.wav
		..\..\..\Users\nj\Downloads\Wave\M158.wav = ..\..\..\Users\nj\Downloads\Wave\M158.wav
		..\..\..\Users\nj\Downloads\Wave\M159.wav = ..\..\..\Users\nj\Downloads\Wave\M159.wav
		..\..\..\Users\nj\Downloads\Wave\M16.wav = ..\..\..\Users\nj\Downloads\Wave\M16.wav
		..\..\..\Users\nj\Downloads\Wave\M160.wav = ..\..\..\Users\nj\Downloads\Wave\M160.wav
		..\..\..\Users\nj\Downloads\Wave\M161.wav = ..\..\..\Users\nj\Downloads\Wave\M161.wav
		..\..\..\Users\nj\Downloads\Wave\M162.wav = ..\..\..\Users\nj\Downloads\Wave\M162.wav
		..\..\..\Users\nj\Downloads\Wave\M163.wav = ..\..\..\Users\nj\Downloads\Wave\M163.wav
		..\..\..\Users\nj\Downloads\Wave\M164.wav = ..\..\..\Users\nj\Downloads\Wave\M164.wav
		..\..\..\Users\nj\Downloads\Wave\M165.wav = ..\..\..\Users\nj\Downloads\Wave\M165.wav
		..\..\..\Users\nj\Downloads\Wave\M166.wav = ..\..\..\Users\nj\Downloads\Wave\M166.wav
		..\..\..\Users\nj\Downloads\Wave\M167.wav = ..\..\..\Users\nj\Downloads\Wave\M167.wav
		..\..\..\Users\nj\Downloads\Wave\M168.wav = ..\..\..\Users\nj\Downloads\Wave\M168.wav
		..\..\..\Users\nj\Downloads\Wave\M169.wav = ..\..\..\Users\nj\Downloads\Wave\M169.wav
		..\..\..\Users\nj\Downloads\Wave\M17.wav = ..\..\..\Users\nj\Downloads\Wave\M17.wav
		..\..\..\Users\nj\Downloads\Wave\M170.wav = ..\..\..\Users\nj\Downloads\Wave\M170.wav
		..\..\..\Users\nj\Downloads\Wave\M171.wav = ..\..\..\Users\nj\Downloads\Wave\M171.wav
		..\..\..\Users\nj\Downloads\Wave\M172.wav = ..\..\..\Users\nj\Downloads\Wave\M172.wav
		..\..\..\Users\nj\Downloads\Wave\M173.wav = ..\..\..\Users\nj\Downloads\Wave\M173.wav
		..\..\..\Users\nj\Downloads\Wave\M174.wav = ..\..\..\Users\nj\Downloads\Wave\M174.wav
		..\..\..\Users\nj\Downloads\Wave\M175.wav = ..\..\..\Users\nj\Downloads\Wave\M175.wav
		..\..\..\Users\nj\Downloads\Wave\M176.wav = ..\..\..\Users\nj\Downloads\Wave\M176.wav
		..\..\..\Users\nj\Downloads\Wave\M18.wav = ..\..\..\Users\nj\Downloads\Wave\M18.wav
		..\..\..\Users\nj\Downloads\Wave\M19.wav = ..\..\..\Users\nj\Downloads\Wave\M19.wav
		..\..\..\Users\nj\Downloads\Wave\M2.wav = ..\..\..\Users\nj\Downloads\Wave\M2.wav
		..\..\..\Users\nj\Downloads\Wave\M20.wav = ..\..\..\Users\nj\Downloads\Wave\M20.wav
		..\..\..\Users\nj\Downloads\Wave\M21.wav = ..\..\..\Users\nj\Downloads\Wave\M21.wav
		..\..\..\Users\nj\Downloads\Wave\M22.wav = ..\..\..\Users\nj\Downloads\Wave\M22.wav
		..\..\..\Users\nj\Downloads\Wave\M23.wav = ..\..\..\Users\nj\Downloads\Wave\M23.wav
		..\..\..\Users\nj\Downloads\Wave\M24.wav = ..\..\..\Users\nj\Downloads\Wave\M24.wav
		..\..\..\Users\nj\Downloads\Wave\M25.wav = ..\..\..\Users\nj\Downloads\Wave\M25.wav
		..\..\..\Users\nj\Downloads\Wave\M26.wav = ..\..\..\Users\nj\Downloads\Wave\M26.wav
		..\..\..\Users\nj\Downloads\Wave\M27.wav = ..\..\..\Users\nj\Downloads\Wave\M27.wav
		..\..\..\Users\nj\Downloads\Wave\M28.wav = ..\..\..\Users\nj\Downloads\Wave\M28.wav
		..\..\..\Users\nj\Downloads\Wave\M29.wav = ..\..\..\Users\nj\Downloads\Wave\M29.wav
		..\..\..\Users\nj\Downloads\Wave\M3.wav = ..\..\..\Users\nj\Downloads\Wave\M3.wav
		..\..\..\Users\nj\Downloads\Wave\M30.wav = ..\..\..\Users\nj\Downloads\Wave\M30.wav
		..\..\..\Users\nj\Downloads\Wave\M31.wav = ..\..\..\Users\nj\Downloads\Wave\M31.wav
		..\..\..\Users\nj\Downloads\Wave\M32.wav = ..\..\..\Users\nj\Downloads\Wave\M32.wav
		..\..\..\Users\nj\Downloads\Wave\M33.wav = ..\..\..\Users\nj\Downloads\Wave\M33.wav
		..\..\..\Users\nj\Downloads\Wave\M34.wav = ..\..\..\Users\nj\Downloads\Wave\M34.wav
		..\..\..\Users\nj\Downloads\Wave\M35.wav = ..\..\..\Users\nj\Downloads\Wave\M35.wav
		..\..\..\Users\nj\Downloads\Wave\M36.wav = ..\..\..\Users\nj\Downloads\Wave\M36.wav
		..\..\..\Users\nj\Downloads\Wave\M37.wav = ..\..\..\Users\nj\Downloads\Wave\M37.wav
		..\..\..\Users\nj\Downloads\Wave\M38.wav = ..\..\..\Users\nj\Downloads\Wave\M38.wav
		..\..\..\Users\nj\Downloads\Wave\M39.wav = ..\..\..\Users\nj\Downloads\Wave\M39.wav
		..\..\..\Users\nj\Downloads\Wave\M4.wav = ..\..\..\Users\nj\Downloads\Wave\M4.wav
		..\..\..\Users\nj\Downloads\Wave\M40.wav = ..\..\..\Users\nj\Downloads\Wave\M40.wav
		..\..\..\Users\nj\Downloads\Wave\M41.wav = ..\..\..\Users\nj\Downloads\Wave\M41.wav
		..\..\..\Users\nj\Downloads\Wave\M42.wav = ..\..\..\Users\nj\Downloads\Wave\M42.wav
		..\..\..\Users\nj\Downloads\Wave\M43.wav = ..\..\..\Users\nj\Downloads\Wave\M43.wav
		..\..\..\Users\nj\Downloads\Wave\M44.wav = ..\..\..\Users\nj\Downloads\Wave\M44.wav
		..\..\..\Users\nj\Downloads\Wave\M45.wav = ..\..\..\Users\nj\Downloads\Wave\M45.wav
		..\..\..\Users\nj\Downloads\Wave\M46.wav = ..\..\..\Users\nj\Downloads\Wave\M46.wav
		..\..\..\Users\nj\Downloads\Wave\M47.wav = ..\..\..\Users\nj\Downloads\Wave\M47.wav
		..\..\..\Users\nj\Downloads\Wave\M48.wav = ..\..\..\Users\nj\Downloads\Wave\M48.wav
		..\..\..\Users\nj\Downloads\Wave\M49.wav = ..\..\..\Users\nj\Downloads\Wave\M49.wav
		..\..\..\Users\nj\Downloads\Wave\M5.wav = ..\..\..\Users\nj\Downloads\Wave\M5.wav
		..\..\..\Users\nj\Downloads\Wave\M50.wav = ..\..\..\Users\nj\Downloads\Wave\M50.wav
		..\..\..\Users\nj\Downloads\Wave\M51.wav = ..\..\..\Users\nj\Downloads\Wave\M51.wav
		..\..\..\Users\nj\Downloads\Wave\M52.wav = ..\..\..\Users\nj\Downloads\Wave\M52.wav
		..\..\..\Users\nj\Downloads\Wave\M53.wav = ..\..\..\Users\nj\Downloads\Wave\M53.wav
		..\..\..\Users\nj\Downloads\Wave\M54.wav = ..\..\..\Users\nj\Downloads\Wave\M54.wav
		..\..\..\Users\nj\Downloads\Wave\M55.wav = ..\..\..\Users\nj\Downloads\Wave\M55.wav
		..\..\..\Users\nj\Downloads\Wave\M56.wav = ..\..\..\Users\nj\Downloads\Wave\M56.wav
		..\..\..\Users\nj\Downloads\Wave\M57.wav = ..\..\..\Users\nj\Downloads\Wave\M57.wav
		..\..\..\Users\nj\Downloads\Wave\M58.wav = ..\..\..\Users\nj\Downloads\Wave\M58.wav
		..\..\..\Users\nj\Downloads\Wave\M59.wav = ..\..\..\Users\nj\Downloads\Wave\M59.wav
		..\..\..\Users\nj\Downloads\Wave\M6.wav = ..\..\..\Users\nj\Downloads\Wave\M6.wav
		..\..\..\Users\nj\Downloads\Wave\M60.wav = ..\..\..\Users\nj\Downloads\Wave\M60.wav
		..\..\..\Users\nj\Downloads\Wave\M61.wav = ..\..\..\Users\nj\Downloads\Wave\M61.wav
		..\..\..\Users\nj\Downloads\Wave\M62.wav = ..\..\..\Users\nj\Downloads\Wave\M62.wav
		..\..\..\Users\nj\Downloads\Wave\M63.wav = ..\..\..\Users\nj\Downloads\Wave\M63.wav
		..\..\..\Users\nj\Downloads\Wave\M64.wav = ..\..\..\Users\nj\Downloads\Wave\M64.wav
		..\..\..\Users\nj\Downloads\Wave\M65.wav = ..\..\..\Users\nj\Downloads\Wave\M65.wav
		..\..\..\Users\nj\Downloads\Wave\M66.wav = ..\..\..\Users\nj\Downloads\Wave\M66.wav
		..\..\..\Users\nj\Downloads\Wave\M67.wav = ..\..\..\Users\nj\Downloads\Wave\M67.wav
		..\..\..\Users\nj\Downloads\Wave\M68.wav = ..\..\..\Users\nj\Downloads\Wave\M68.wav
		..\..\..\Users\nj\Downloads\Wave\M69.wav = ..\..\..\Users\nj\Downloads\Wave\M69.wav
		..\..\..\Users\nj\Downloads\Wave\M7.wav = ..\..\..\Users\nj\Downloads\Wave\M7.wav
		..\..\..\Users\nj\Downloads\Wave\M70.wav = ..\..\..\Users\nj\Downloads\Wave\M70.wav
		..\..\..\Users\nj\Downloads\Wave\M71.wav = ..\..\..\Users\nj\Downloads\Wave\M71.wav
		..\..\..\Users\nj\Downloads\Wave\M72.wav = ..\..\..\Users\nj\Downloads\Wave\M72.wav
		..\..\..\Users\nj\Downloads\Wave\M73.wav = ..\..\..\Users\nj\Downloads\Wave\M73.wav
		..\..\..\Users\nj\Downloads\Wave\M74.wav = ..\..\..\Users\nj\Downloads\Wave\M74.wav
		..\..\..\Users\nj\Downloads\Wave\M75.wav = ..\..\..\Users\nj\Downloads\Wave\M75.wav
		..\..\..\Users\nj\Downloads\Wave\M76.wav = ..\..\..\Users\nj\Downloads\Wave\M76.wav
		..\..\..\Users\nj\Downloads\Wave\M77.wav = ..\..\..\Users\nj\Downloads\Wave\M77.wav
		..\..\..\Users\nj\Downloads\Wave\M78.wav = ..\..\..\Users\nj\Downloads\Wave\M78.wav
		..\..\..\Users\nj\Downloads\Wave\M79.wav = ..\..\..\Users\nj\Downloads\Wave\M79.wav
		..\..\..\Users\nj\Downloads\Wave\M8.wav = ..\..\..\Users\nj\Downloads\Wave\M8.wav
		..\..\..\Users\nj\Downloads\Wave\M80.wav = ..\..\..\Users\nj\Downloads\Wave\M80.wav
		..\..\..\Users\nj\Downloads\Wave\M81.wav = ..\..\..\Users\nj\Downloads\Wave\M81.wav
		..\..\..\Users\nj\Downloads\Wave\M82.wav = ..\..\..\Users\nj\Downloads\Wave\M82.wav
		..\..\..\Users\nj\Downloads\Wave\M83.wav = ..\..\..\Users\nj\Downloads\Wave\M83.wav
		..\..\..\Users\nj\Downloads\Wave\M84.wav = ..\..\..\Users\nj\Downloads\Wave\M84.wav
		..\..\..\Users\nj\Downloads\Wave\M85.wav = ..\..\..\Users\nj\Downloads\Wave\M85.wav
		..\..\..\Users\nj\Downloads\Wave\M86.wav = ..\..\..\Users\nj\Downloads\Wave\M86.wav
		..\..\..\Users\nj\Downloads\Wave\M87.wav = ..\..\..\Users\nj\Downloads\Wave\M87.wav
		..\..\..\Users\nj\Downloads\Wave\M88.wav = ..\..\..\Users\nj\Downloads\Wave\M88.wav
		..\..\..\Users\nj\Downloads\Wave\M89.wav = ..\..\..\Users\nj\Downloads\Wave\M89.wav
		..\..\..\Users\nj\Downloads\Wave\M9.wav = ..\..\..\Users\nj\Downloads\Wave\M9.wav
		..\..\..\Users\nj\Downloads\Wave\M90.wav = ..\..\..\Users\nj\Downloads\Wave\M90.wav
		..\..\..\Users\nj\Downloads\Wave\M91.wav = ..\..\..\Users\nj\Downloads\Wave\M91.wav
		..\..\..\Users\nj\Downloads\Wave\M92.wav = ..\..\..\Users\nj\Downloads\Wave\M92.wav
		..\..\..\Users\nj\Downloads\Wave\M93.wav = ..\..\..\Users\nj\Downloads\Wave\M93.wav
		..\..\..\Users\nj\Downloads\Wave\M94.wav = ..\..\..\Users\nj\Downloads\Wave\M94.wav
		..\..\..\Users\nj\Downloads\Wave\M95.wav = ..\..\..\Users\nj\Downloads\Wave\M95.wav
		..\..\..\Users\nj\Downloads\Wave\M96.wav = ..\..\..\Users\nj\Downloads\Wave\M96.wav
		..\..\..\Users\nj\Downloads\Wave\M97.wav = ..\..\..\Users\nj\Downloads\Wave\M97.wav
		..\..\..\Users\nj\Downloads\Wave\M98.wav = ..\..\..\Users\nj\Downloads\Wave\M98.wav
		..\..\..\Users\nj\Downloads\Wave\M99.wav = ..\..\..\Users\nj\Downloads\Wave\M99.wav
		..\..\..\Users\nj\Downloads\Wave\T1.wav = ..\..\..\Users\nj\Downloads\Wave\T1.wav
		..\..\..\Users\nj\Downloads\Wave\T10.wav = ..\..\..\Users\nj\Downloads\Wave\T10.wav
		..\..\..\Users\nj\Downloads\Wave\T11.wav = ..\..\..\Users\nj\Downloads\Wave\T11.wav
		..\..\..\Users\nj\Downloads\Wave\T12.wav = ..\..\..\Users\nj\Downloads\Wave\T12.wav
		..\..\..\Users\nj\Downloads\Wave\T13.wav = ..\..\..\Users\nj\Downloads\Wave\T13.wav
		..\..\..\Users\nj\Downloads\Wave\T14.wav = ..\..\..\Users\nj\Downloads\Wave\T14.wav
		..\..\..\Users\nj\Downloads\Wave\T15.wav = ..\..\..\Users\nj\Downloads\Wave\T15.wav
		..\..\..\Users\nj\Downloads\Wave\T16.wav = ..\..\..\Users\nj\Downloads\Wave\T16.wav
		..\..\..\Users\nj\Downloads\Wave\T17.wav = ..\..\..\Users\nj\Downloads\Wave\T17.wav
		..\..\..\Users\nj\Downloads\Wave\T18.wav = ..\..\..\Users\nj\Downloads\Wave\T18.wav
		..\..\..\Users\nj\Downloads\Wave\T19.wav = ..\..\..\Users\nj\Downloads\Wave\T19.wav
		..\..\..\Users\nj\Downloads\Wave\T2.wav = ..\..\..\Users\nj\Downloads\Wave\T2.wav
		..\..\..\Users\nj\Downloads\Wave\T20.wav = ..\..\..\Users\nj\Downloads\Wave\T20.wav
		..\..\..\Users\nj\Downloads\Wave\T21.wav = ..\..\..\Users\nj\Downloads\Wave\T21.wav
		..\..\..\Users\nj\Downloads\Wave\T22.wav = ..\..\..\Users\nj\Downloads\Wave\T22.wav
		..\..\..\Users\nj\Downloads\Wave\T23.wav = ..\..\..\Users\nj\Downloads\Wave\T23.wav
		..\..\..\Users\nj\Downloads\Wave\T24.wav = ..\..\..\Users\nj\Downloads\Wave\T24.wav
		..\..\..\Users\nj\Downloads\Wave\T25.wav = ..\..\..\Users\nj\Downloads\Wave\T25.wav
		..\..\..\Users\nj\Downloads\Wave\T26.wav = ..\..\..\Users\nj\Downloads\Wave\T26.wav
		..\..\..\Users\nj\Downloads\Wave\T27.wav = ..\..\..\Users\nj\Downloads\Wave\T27.wav
		..\..\..\Users\nj\Downloads\Wave\T28.wav = ..\..\..\Users\nj\Downloads\Wave\T28.wav
		..\..\..\Users\nj\Downloads\Wave\T29.wav = ..\..\..\Users\nj\Downloads\Wave\T29.wav
		..\..\..\Users\nj\Downloads\Wave\T3.wav = ..\..\..\Users\nj\Downloads\Wave\T3.wav
		..\..\..\Users\nj\Downloads\Wave\T30.wav = ..\..\..\Users\nj\Downloads\Wave\T30.wav
		..\..\..\Users\nj\Downloads\Wave\T31.wav = ..\..\..\Users\nj\Downloads\Wave\T31.wav
		..\..\..\Users\nj\Downloads\Wave\T32.wav = ..\..\..\Users\nj\Downloads\Wave\T32.wav
		..\..\..\Users\nj\Downloads\Wave\T33.wav = ..\..\..\Users\nj\Downloads\Wave\T33.wav
		..\..\..\Users\nj\Downloads\Wave\T34.wav = ..\..\..\Users\nj\Downloads\Wave\T34.wav
		..\..\..\Users\nj\Downloads\Wave\T35.wav = ..\..\..\Users\nj\Downloads\Wave\T35.wav
		..\..\..\Users\nj\Downloads\Wave\T36.wav = ..\..\..\Users\nj\Downloads\Wave\T36.wav
		..\..\..\Users\nj\Downloads\Wave\T37.wav = ..\..\..\Users\nj\Downloads\Wave\T37.wav
		..\..\..\Users\nj\Downloads\Wave\T38.wav = ..\..\..\Users\nj\Downloads\Wave\T38.wav
		..\..\..\Users\nj\Downloads\Wave\T39.wav = ..\..\..\Users\nj\Downloads\Wave\T39.wav
		..\..\..\Users\nj\Downloads\Wave\T4.wav = ..\..\..\Users\nj\Downloads\Wave\T4.wav
		..\..\..\Users\nj\Downloads\Wave\T40.wav = ..\..\..\Users\nj\Downloads\Wave\T40.wav
		..\..\..\Users\nj\Downloads\Wave\T41.wav = ..\..\..\Users\nj\Downloads\Wave\T41.wav
		..\..\..\Users\nj\Downloads\Wave\T42.wav = ..\..\..\Users\nj\Downloads\Wave\T42.wav
		..\..\..\Users\nj\Downloads\Wave\T43.wav = ..\..\..\Users\nj\Downloads\Wave\T43.wav
		..\..\..\Users\nj\Downloads\Wave\T44.wav = ..\..\..\Users\nj\Downloads\Wave\T44.wav
		..\..\..\Users\nj\Downloads\Wave\T45.wav = ..\..\..\Users\nj\Downloads\Wave\T45.wav
		..\..\..\Users\nj\Downloads\Wave\T46.wav = ..\..\..\Users\nj\Downloads\Wave\T46.wav
		..\..\..\Users\nj\Downloads\Wave\T47.wav = ..\..\..\Users\nj\Downloads\Wave\T47.wav
		..\..\..\Users\nj\Downloads\Wave\T48.wav = ..\..\..\Users\nj\Downloads\Wave\T48.wav
		..\..\..\Users\nj\Downloads\Wave\T49.wav = ..\..\..\Users\nj\Downloads\Wave\T49.wav
		..\..\..\Users\nj\Downloads\Wave\T5.wav = ..\..\..\Users\nj\Downloads\Wave\T5.wav
		..\..\..\Users\nj\Downloads\Wave\T50.wav = ..\..\..\Users\nj\Downloads\Wave\T50.wav
		..\..\..\Users\nj\Downloads\Wave\T51.wav = ..\..\..\Users\nj\Downloads\Wave\T51.wav
		..\..\..\Users\nj\Downloads\Wave\T52.wav = ..\..\..\Users\nj\Downloads\Wave\T52.wav
		..\..\..\Users\nj\Downloads\Wave\T53.wav = ..\..\..\Users\nj\Downloads\Wave\T53.wav
		..\..\..\Users\nj\Downloads\Wave\T54.wav = ..\..\..\Users\nj\Downloads\Wave\T54.wav
		..\..\..\Users\nj\Downloads\Wave\T55.wav = ..\..\..\Users\nj\Downloads\Wave\T55.wav
		..\..\..\Users\nj\Downloads\Wave\T56.wav = ..\..\..\Users\nj\Downloads\Wave\T56.wav
		..\..\..\Users\nj\Downloads\Wave\T57.wav = ..\..\..\Users\nj\Downloads\Wave\T57.wav
		..\..\..\Users\nj\Downloads\Wave\T58.wav = ..\..\..\Users\nj\Downloads\Wave\T58.wav
		..\..\..\Users\nj\Downloads\Wave\T59.wav = ..\..\..\Users\nj\Downloads\Wave\T59.wav
		..\..\..\Users\nj\Downloads\Wave\T6.wav = ..\..\..\Users\nj\Downloads\Wave\T6.wav
		..\..\..\Users\nj\Downloads\Wave\T60.wav = ..\..\..\Users\nj\Downloads\Wave\T60.wav
		..\..\..\Users\nj\Downloads\Wave\T61.wav = ..\..\..\Users\nj\Downloads\Wave\T61.wav
		..\..\..\Users\nj\Downloads\Wave\T62.wav = ..\..\..\Users\nj\Downloads\Wave\T62.wav
		..\..\..\Users\nj\Downloads\Wave\T63.wav = ..\..\..\Users\nj\Downloads\Wave\T63.wav
		..\..\..\Users\nj\Downloads\Wave\T64.wav = ..\..\..\Users\nj\Downloads\Wave\T64.wav
		..\..\..\Users\nj\Downloads\Wave\T65.wav = ..\..\..\Users\nj\Downloads\Wave\T65.wav
		..\..\..\Users\nj\Downloads\Wave\T66.wav = ..\..\..\Users\nj\Downloads\Wave\T66.wav
		..\..\..\Users\nj\Downloads\Wave\T67.wav = ..\..\..\Users\nj\Downloads\Wave\T67.wav
		..\..\..\Users\nj\Downloads\Wave\T68.wav = ..\..\..\Users\nj\Downloads\Wave\T68.wav
		..\..\..\Users\nj\Downloads\Wave\T69.wav = ..\..\..\Users\nj\Downloads\Wave\T69.wav
		..\..\..\Users\nj\Downloads\Wave\T7.wav = ..\..\..\Users\nj\Downloads\Wave\T7.wav
		..\..\..\Users\nj\Downloads\Wave\T70.wav = ..\..\..\Users\nj\Downloads\Wave\T70.wav
		..\..\..\Users\nj\Downloads\Wave\T71.wav = ..\..\..\Users\nj\Downloads\Wave\T71.wav
		..\..\..\Users\nj\Downloads\Wave\T72.wav = ..\..\..\Users\nj\Downloads\Wave\T72.wav
		..\..\..\Users\nj\Downloads\Wave\T73.wav = ..\..\..\Users\nj\Downloads\Wave\T73.wav
		..\..\..\Users\nj\Downloads\Wave\T74.wav = ..\..\..\Users\nj\Downloads\Wave\T74.wav
		..\..\..\Users\nj\Downloads\Wave\T75.wav = ..\..\..\Users\nj\Downloads\Wave\T75.wav
		..\..\..\Users\nj\Downloads\Wave\T76.wav = ..\..\..\Users\nj\Downloads\Wave\T76.wav
		..\..\..\Users\nj\Downloads\Wave\T77.wav = ..\..\..\Users\nj\Downloads\Wave\T77.wav
		..\..\..\Users\nj\Downloads\Wave\T78.wav = ..\..\..\Users\nj\Downloads\Wave\T78.wav
		..\..\..\Users\nj\Downloads\Wave\T79.wav = ..\..\..\Users\nj\Downloads\Wave\T79.wav
		..\..\..\Users\nj\Downloads\Wave\T8.wav = ..\..\..\Users\nj\Downloads\Wave\T8.wav
		..\..\..\Users\nj\Downloads\Wave\T80.wav = ..\..\..\Users\nj\Downloads\Wave\T80.wav
		..\..\..\Users\nj\Downloads\Wave\T81.wav = ..\..\..\Users\nj\Downloads\Wave\T81.wav
		..\..\..\Users\nj\Downloads\Wave\T82.wav = ..\..\..\Users\nj\Downloads\Wave\T82.wav
		..\..\..\Users\nj\Downloads\Wave\T83.wav = ..\..\..\Users\nj\Downloads\Wave\T83.wav
		..\..\..\Users\nj\Downloads\Wave\T84.wav = ..\..\..\Users\nj\Downloads\Wave\T84.wav
		..\..\..\Users\nj\Downloads\Wave\T85.wav = ..\..\..\Users\nj\Downloads\Wave\T85.wav
		..\..\..\Users\nj\Downloads\Wave\T86.wav = ..\..\..\Users\nj\Downloads\Wave\T86.wav
		..\..\..\Users\nj\Downloads\Wave\T87.wav = ..\..\..\Users\nj\Downloads\Wave\T87.wav
		..\..\..\Users\nj\Downloads\Wave\T88.wav = ..\..\..\Users\nj\Downloads\Wave\T88.wav
		..\..\..\Users\nj\Downloads\Wave\T89.wav = ..\..\..\Users\nj\Downloads\Wave\T89.wav
		..\..\..\Users\nj\Downloads\Wave\T9.wav = ..\..\..\Users\nj\Downloads\Wave\T9.wav
		..\..\..\Users\nj\Downloads\Wave\T90.wav = ..\..\..\Users\nj\Downloads\Wave\T90.wav
		..\..\..\Users\nj\Downloads\Wave\T91.wav = ..\..\..\Users\nj\Downloads\Wave\T91.wav
		..\..\..\Users\nj\Downloads\Wave\T92.wav = ..\..\..\Users\nj\Downloads\Wave\T92.wav
		..\..\..\Users\nj\Downloads\Wave\T93.wav = ..\..\..\Users\nj\Downloads\Wave\T93.wav
		..\..\..\Users\nj\Downloads\Wave\T94.wav = ..\..\..\Users\nj\Downloads\Wave\T94.wav
		..\..\..\Users\nj\Downloads\Wave\T95.wav = ..\..\..\Users\nj\Downloads\Wave\T95.wav
		..\..\..\Users\nj\Downloads\Wave\T96.wav = ..\..\..\Users\nj\Downloads\Wave\T96.wav
	EndProjectSection
EndProject
Global
	GlobalSection(SolutionConfigurationPlatforms) = preSolution
		Debug|Any CPU = Debug|Any CPU
		Release|Any CPU = Release|Any CPU
	EndGlobalSection
	GlobalSection(ProjectConfigurationPlatforms) = postSolution
		{3BA28228-40BE-4E79-9D77-BA68BBC53A2F}.Debug|Any CPU.ActiveCfg = Debug|Any CPU
		{3BA28228-40BE-4E79-9D77-BA68BBC53A2F}.Debug|Any CPU.Build.0 = Debug|Any CPU
		{3BA28228-40BE-4E79-9D77-BA68BBC53A2F}.Release|Any CPU.ActiveCfg = Release|Any CPU
		{3BA28228-40BE-4E79-9D77-BA68BBC53A2F}.Release|Any CPU.Build.0 = Release|Any CPU
	EndGlobalSection
	GlobalSection(SolutionProperties) = preSolution
		HideSolutionNode = FALSE
	EndGlobalSection
	GlobalSection(ExtensibilityGlobals) = postSolution
		SolutionGuid = {F65DBDD3-CC81-4E8F-8B94-A20D0B2E1CE8}
	EndGlobalSection
EndGlobal
